
Microsoft Visual Studio Solution File, Format Version 12.00
# Visual Studio Version 16
VisualStudioVersion = 16.0.30204.135
MinimumVisualStudioVersion = 10.0.40219.1
Project("{8BC9CEB8-8B4A-11D0-8D11-00A0C91BC942}") = "TestApp", "TestApp\TestApp.vcxproj", "{BBCD2B83-412C-4753-8FA3-F996EC8B6198}"
EndProject
Global
	GlobalSection(SolutionConfigurationPlatforms) = preSolution
		Debug|x64 = Debug|x64
		Debug|x86 = Debug|x86
		Release|x64 = Release|x64
		Release|x86 = Release|x86
	EndGlobalSection
	GlobalSection(ProjectConfigurationPlatforms) = postSolution
		{BBCD2B83-412C-4753-8FA3-F996EC8B6198}.Debug|x64.ActiveCfg = Debug|x64
		{BBCD2B83-412C-4753-8FA3-F996EC8B6198}.Debug|x64.Build.0 = Debug|x64
		{BBCD2B83-412C-4753-8FA3-F996EC8B6198}.Debug|x86.ActiveCfg = Debug|Win32
		{BBCD2B83-412C-4753-8FA3-F996EC8B6198}.Debug|x86.Build.0 = Debug|Win32
		{BBCD2B83-412C-4753-8FA3-F996EC8B6198}.Release|x64.ActiveCfg = Release|x64
		{BBCD2B83-412C-4753-8FA3-F996EC8B6198}.Release|x64.Build.0 = Release|x64
		{BBCD2B83-412C-4753-8FA3-F996EC8B6198}.Release|x86.ActiveCfg = Release|Win32
		{BBCD2B83-412C-4753-8FA3-F996EC8B6198}.Release|x86.Build.0 = Release|Win32
	EndGlobalSection
	GlobalSection(SolutionProperties) = preSolution
		HideSolutionNode = FALSE
	EndGlobalSection
	GlobalSection(ExtensibilityGlobals) = postSolution
		SolutionGuid = {8A120A6C-EAAC-44B2-AD6C-1E10849E26C7}
	EndGlobalSection
EndGlobal
